# THIS IS AN AUTOGENERATED FILE. DO NOT EDIT THIS FILE DIRECTLY.
# yarn lockfile v1


"@tauri-apps/api@^2.8.0", "@tauri-apps/api@^2.9.1":
  version "2.9.1"
  resolved "https://registry.npmjs.org/@tauri-apps/api/-/api-2.9.1.tgz"
  integrity sha512-IGlhP6EivjXHepbBic618GOmiWe4URJiIeZFlB7x3czM0yDHHYviH1Xvoiv4FefdkQtn6v7TuwWCRfOGdnVUGw==

"@tauri-apps/cli-darwin-arm64@2.9.6":
  version "2.9.6"
  resolved "https://registry.npmjs.org/@tauri-apps/cli-darwin-arm64/-/cli-darwin-arm64-2.9.6.tgz"
  integrity sha512-gf5no6N9FCk1qMrti4lfwP77JHP5haASZgVbBgpZG7BUepB3fhiLCXGUK8LvuOjP36HivXewjg72LTnPDScnQQ==

"@tauri-apps/cli@^2":
  version "2.9.6"
  resolved "https://registry.npmjs.org/@tauri-apps/cli/-/cli-2.9.6.tgz"
  integrity sha512-3xDdXL5omQ3sPfBfdC8fCtDKcnyV7OqyzQgfyT5P3+zY6lcPqIYKQBvUasNvppi21RSdfhy44ttvJmftb0PCDw==
  optionalDependencies:
    "@tauri-apps/cli-darwin-arm64" "2.9.6"
    "@tauri-apps/cli-darwin-x64" "2.9.6"
    "@tauri-apps/cli-linux-arm-gnueabihf" "2.9.6"
    "@tauri-apps/cli-linux-arm64-gnu" "2.9.6"
    "@tauri-apps/cli-linux-arm64-musl" "2.9.6"
    "@tauri-apps/cli-linux-riscv64-gnu" "2.9.6"
    "@tauri-apps/cli-linux-x64-gnu" "2.9.6"
    "@tauri-apps/cli-linux-x64-musl" "2.9.6"
    "@tauri-apps/cli-win32-arm64-msvc" "2.9.6"
    "@tauri-apps/cli-win32-ia32-msvc" "2.9.6"
    "@tauri-apps/cli-win32-x64-msvc" "2.9.6"

"@tauri-apps/plugin-fs@^2.4.4":
  version "2.4.4"
  resolved "https://registry.npmjs.org/@tauri-apps/plugin-fs/-/plugin-fs-2.4.4.tgz"
  integrity sha512-MTorXxIRmOnOPT1jZ3w96vjSuScER38ryXY88vl5F0uiKdnvTKKTtaEjTEo8uPbl4e3gnUtfsDVwC7h77GQLvQ==
  dependencies:
    "@tauri-apps/api" "^2.8.0"

"@tauri-apps/tauricon@^0.0.0":
  version "0.0.0"
  resolved "https://registry.npmjs.org/@tauri-apps/tauricon/-/tauricon-0.0.0.tgz"
  integrity sha512-smzuOjXk+iH2crhb8JXld7fI3Ae3/Mbfrp3/HcU394qtY4MdKNYjkdAZE/9KVEt//LCpduvO7WdSatveJmnsjQ==
